{
  "name": "vue-demo",
  "version": "1.0.0",
  "lockfileVersion": 1,
  "dependencies": {
    "jquery": {
      "version": "3.2.1",
      "resolved": "http://r.cnpmjs.org/jquery/download/jquery-3.2.1.tgz",
      "integrity": "sha1-XE2d5lKvbNCncBVKYxu6ErAVx4c="
    },
    "my-pack-zhj": {
      "version": "1.0.0",
      "resolved": "https://registry.npmjs.org/my-pack-zhj/-/my-pack-zhj-1.0.0.tgz",
      "integrity": "sha512-7J7+9dLaDeiAMP4i+5qt4UykVnWRaUuXAKNNBMqP5U8LOqCsxqgUI2dri0qOA3RCej0JojEKD+g9YRqJeAueDQ=="
    }
  }
}
